
Microsoft Visual Studio Solution File, Format Version 12.00
# Visual Studio Version 17
VisualStudioVersion = 17.1.32421.90
MinimumVisualStudioVersion = 10.0.40219.1
Project("{FAE04EC0-301F-11D3-BF4B-00C04F79EFBC}") = "TDD.Project", "TDD.Project\TDD.Project.csproj", "{8A5152A3-9FAB-4320-8744-AC5242390E89}"
EndProject
Project("{FAE04EC0-301F-11D3-BF4B-00C04F79EFBC}") = "TDD.Tests", "TDD.Tests\TDD.Tests.csproj", "{E5E6F901-473C-4CC3-B455-5B59E4905063}"
EndProject
Global
	GlobalSection(SolutionConfigurationPlatforms) = preSolution
		Debug|Any CPU = Debug|Any CPU
		Release|Any CPU = Release|Any CPU
	EndGlobalSection
	GlobalSection(ProjectConfigurationPlatforms) = postSolution
		{8A5152A3-9FAB-4320-8744-AC5242390E89}.Debug|Any CPU.ActiveCfg = Debug|Any CPU
		{8A5152A3-9FAB-4320-8744-AC5242390E89}.Debug|Any CPU.Build.0 = Debug|Any CPU
		{8A5152A3-9FAB-4320-8744-AC5242390E89}.Release|Any CPU.ActiveCfg = Release|Any CPU
		{8A5152A3-9FAB-4320-8744-AC5242390E89}.Release|Any CPU.Build.0 = Release|Any CPU
		{E5E6F901-473C-4CC3-B455-5B59E4905063}.Debug|Any CPU.ActiveCfg = Debug|Any CPU
		{E5E6F901-473C-4CC3-B455-5B59E4905063}.Debug|Any CPU.Build.0 = Debug|Any CPU
		{E5E6F901-473C-4CC3-B455-5B59E4905063}.Release|Any CPU.ActiveCfg = Release|Any CPU
		{E5E6F901-473C-4CC3-B455-5B59E4905063}.Release|Any CPU.Build.0 = Release|Any CPU
	EndGlobalSection
	GlobalSection(SolutionProperties) = preSolution
		HideSolutionNode = FALSE
	EndGlobalSection
	GlobalSection(ExtensibilityGlobals) = postSolution
		SolutionGuid = {06675285-1F90-47DB-831A-2EEB1626B38C}
	EndGlobalSection
EndGlobal
